{
  "originHash" : "7e9f950d682175f1eaf84f54aef5f857131a75c202b57888ad50e8748bf1e69c",
  "pins" : [
    {
      "identity" : "lnpopupcontroller",
      "kind" : "remoteSourceControl",
      "location" : "https://github.com/LeoNatan/LNPopupController.git",
      "state" : {
        "revision" : "d32c9e9e9872dff5e949ea815fab85f427699357",
        "version" : "4.3.0"
      }
    },
    {
      "identity" : "lnpopupui",
      "kind" : "remoteSourceControl",
      "location" : "https://github.com/LeoNatan/LNPopupUI.git",
      "state" : {
        "revision" : "9dcc8f2883cbe81aac4ed1268bac886e84e31329",
        "version" : "2.5.7"
      }
    },
    {
      "identity" : "lnswiftuiutils",
      "kind" : "remoteSourceControl",
      "location" : "https://github.com/LeoNatan/LNSwiftUIUtils.git",
      "state" : {
        "revision" : "6681938f1f2c591736a912789ea80451200d1484",
        "version" : "1.1.4"
      }
    },
    {
      "identity" : "loremipsum",
      "kind" : "remoteSourceControl",
      "location" : "https://github.com/LeoNatan/LoremIpsum",
      "state" : {
        "branch" : "master",
        "revision" : "1c2e7a0d46cbc0343f394bd2a5adf45e8679a1cb"
      }
    },
    {
      "identity" : "sdwebimage",
      "kind" : "remoteSourceControl",
      "location" : "https://github.com/SDWebImage/SDWebImage.git",
      "state" : {
        "revision" : "34cf2423a2c4088d06a3b08655603b5bc3eeeb3a",
        "version" : "5.21.2"
      }
    },
    {
      "identity" : "sdwebimageswiftui",
      "kind" : "remoteSourceControl",
      "location" : "https://github.com/SDWebImage/SDWebImageSwiftUI.git",
      "state" : {
        "revision" : "451c6dfd5ecec2cf626d1d9ca81c2d4a60355172",
        "version" : "3.1.3"
      }
    },
    {
      "identity" : "swiftfulrecursiveui",
      "kind" : "remoteSourceControl",
      "location" : "https://github.com/SwiftfulThinking/SwiftfulRecursiveUI.git",
      "state" : {
        "revision" : "3d2d5ac6efe70874fb5ffb2f8e1d5ccd457f4366",
        "version" : "1.0.2"
      }
    },
    {
      "identity" : "swiftfulrouting",
      "kind" : "remoteSourceControl",
      "location" : "https://github.com/SwiftfulThinking/SwiftfulRouting",
      "state" : {
        "revision" : "d31344453843ac3472fae602a92fa396e182eda2",
        "version" : "6.1.3"
      }
    },
    {
      "identity" : "swiftui-introspect",
      "kind" : "remoteSourceControl",
      "location" : "https://github.com/siteline/swiftui-introspect",
      "state" : {
        "revision" : "a08b87f96b41055577721a6e397562b21ad52454",
        "version" : "26.0.0"
      }
    }
  ],
  "version" : 3
}
